
Microsoft Visual Studio Solution File, Format Version 12.00
# Visual Studio Version 17
VisualStudioVersion = 17.1.32414.318
MinimumVisualStudioVersion = 10.0.40219.1
Project("{FAE04EC0-301F-11D3-BF4B-00C04F79EFBC}") = "chapterFS", "chapterFS\chapterFS.csproj", "{DAFC85B8-D878-43EA-97A8-955E8B060317}"
EndProject
Global
	GlobalSection(SolutionConfigurationPlatforms) = preSolution
		Debug|Any CPU = Debug|Any CPU
		Release|Any CPU = Release|Any CPU
	EndGlobalSection
	GlobalSection(ProjectConfigurationPlatforms) = postSolution
		{DAFC85B8-D878-43EA-97A8-955E8B060317}.Debug|Any CPU.ActiveCfg = Debug|Any CPU
		{DAFC85B8-D878-43EA-97A8-955E8B060317}.Debug|Any CPU.Build.0 = Debug|Any CPU
		{DAFC85B8-D878-43EA-97A8-955E8B060317}.Release|Any CPU.ActiveCfg = Release|Any CPU
		{DAFC85B8-D878-43EA-97A8-955E8B060317}.Release|Any CPU.Build.0 = Release|Any CPU
	EndGlobalSection
	GlobalSection(SolutionProperties) = preSolution
		HideSolutionNode = FALSE
	EndGlobalSection
	GlobalSection(ExtensibilityGlobals) = postSolution
		SolutionGuid = {BC820873-1F91-4741-8169-55343B06F394}
	EndGlobalSection
EndGlobal
